
Microsoft Visual Studio Solution File, Format Version 12.00
# Visual Studio 15
VisualStudioVersion = 15.0.27130.2010
MinimumVisualStudioVersion = 10.0.40219.1
Project("{FAE04EC0-301F-11D3-BF4B-00C04F79EFBC}") = "Next5Web", "Next5Web\Next5Web.csproj", "{E8FB9414-D8FD-4BDD-A1FC-0AA651742485}"
EndProject
Global
	GlobalSection(SolutionConfigurationPlatforms) = preSolution
		Debug|Any CPU = Debug|Any CPU
		Release|Any CPU = Release|Any CPU
	EndGlobalSection
	GlobalSection(ProjectConfigurationPlatforms) = postSolution
		{E8FB9414-D8FD-4BDD-A1FC-0AA651742485}.Debug|Any CPU.ActiveCfg = Debug|Any CPU
		{E8FB9414-D8FD-4BDD-A1FC-0AA651742485}.Debug|Any CPU.Build.0 = Debug|Any CPU
		{E8FB9414-D8FD-4BDD-A1FC-0AA651742485}.Release|Any CPU.ActiveCfg = Release|Any CPU
		{E8FB9414-D8FD-4BDD-A1FC-0AA651742485}.Release|Any CPU.Build.0 = Release|Any CPU
	EndGlobalSection
	GlobalSection(SolutionProperties) = preSolution
		HideSolutionNode = FALSE
	EndGlobalSection
	GlobalSection(ExtensibilityGlobals) = postSolution
		SolutionGuid = {A9CFAB66-F3E2-490F-AC7B-BB2C059346C7}
	EndGlobalSection
EndGlobal
